
Microsoft Visual Studio Solution File, Format Version 11.00
# Visual Studio 2010
Project("{8BC9CEB8-8B4A-11D0-8D11-00A0C91BC942}") = "输字符", "输字符\输字符.vcxproj", "{44052C86-F53D-47F2-8BBA-6EA020CB1684}"
EndProject
Global
	GlobalSection(SolutionConfigurationPlatforms) = preSolution
		Debug|Win32 = Debug|Win32
		Release|Win32 = Release|Win32
	EndGlobalSection
	GlobalSection(ProjectConfigurationPlatforms) = postSolution
		{44052C86-F53D-47F2-8BBA-6EA020CB1684}.Debug|Win32.ActiveCfg = Debug|Win32
		{44052C86-F53D-47F2-8BBA-6EA020CB1684}.Debug|Win32.Build.0 = Debug|Win32
		{44052C86-F53D-47F2-8BBA-6EA020CB1684}.Release|Win32.ActiveCfg = Release|Win32
		{44052C86-F53D-47F2-8BBA-6EA020CB1684}.Release|Win32.Build.0 = Release|Win32
	EndGlobalSection
	GlobalSection(SolutionProperties) = preSolution
		HideSolutionNode = FALSE
	EndGlobalSection
EndGlobal
