
Microsoft Visual Studio Solution File, Format Version 11.00
# Visual Studio 2010
Project("{8BC9CEB8-8B4A-11D0-8D11-00A0C91BC942}") = "闰年", "闰年\闰年.vcxproj", "{0447F99B-EB9C-4F2D-BF00-F755F496FFEB}"
EndProject
Global
	GlobalSection(SolutionConfigurationPlatforms) = preSolution
		Debug|Win32 = Debug|Win32
		Release|Win32 = Release|Win32
	EndGlobalSection
	GlobalSection(ProjectConfigurationPlatforms) = postSolution
		{0447F99B-EB9C-4F2D-BF00-F755F496FFEB}.Debug|Win32.ActiveCfg = Debug|Win32
		{0447F99B-EB9C-4F2D-BF00-F755F496FFEB}.Debug|Win32.Build.0 = Debug|Win32
		{0447F99B-EB9C-4F2D-BF00-F755F496FFEB}.Release|Win32.ActiveCfg = Release|Win32
		{0447F99B-EB9C-4F2D-BF00-F755F496FFEB}.Release|Win32.Build.0 = Release|Win32
	EndGlobalSection
	GlobalSection(SolutionProperties) = preSolution
		HideSolutionNode = FALSE
	EndGlobalSection
EndGlobal
