
Microsoft Visual Studio Solution File, Format Version 11.00
# Visual Studio 2010
Project("{8BC9CEB8-8B4A-11D0-8D11-00A0C91BC942}") = "大小写转换", "大小写转换\大小写转换.vcxproj", "{05A6392E-4DD6-4165-9820-7514D5B65015}"
EndProject
Global
	GlobalSection(SolutionConfigurationPlatforms) = preSolution
		Debug|Win32 = Debug|Win32
		Release|Win32 = Release|Win32
	EndGlobalSection
	GlobalSection(ProjectConfigurationPlatforms) = postSolution
		{05A6392E-4DD6-4165-9820-7514D5B65015}.Debug|Win32.ActiveCfg = Debug|Win32
		{05A6392E-4DD6-4165-9820-7514D5B65015}.Debug|Win32.Build.0 = Debug|Win32
		{05A6392E-4DD6-4165-9820-7514D5B65015}.Release|Win32.ActiveCfg = Release|Win32
		{05A6392E-4DD6-4165-9820-7514D5B65015}.Release|Win32.Build.0 = Release|Win32
	EndGlobalSection
	GlobalSection(SolutionProperties) = preSolution
		HideSolutionNode = FALSE
	EndGlobalSection
EndGlobal
