
Microsoft Visual Studio Solution File, Format Version 11.00
# Visual Studio 2010
Project("{8BC9CEB8-8B4A-11D0-8D11-00A0C91BC942}") = "勾股数", "勾股数\勾股数.vcxproj", "{80D328BF-6BB9-44A3-971E-12D725A72B0B}"
EndProject
Global
	GlobalSection(SolutionConfigurationPlatforms) = preSolution
		Debug|Win32 = Debug|Win32
		Release|Win32 = Release|Win32
	EndGlobalSection
	GlobalSection(ProjectConfigurationPlatforms) = postSolution
		{80D328BF-6BB9-44A3-971E-12D725A72B0B}.Debug|Win32.ActiveCfg = Debug|Win32
		{80D328BF-6BB9-44A3-971E-12D725A72B0B}.Debug|Win32.Build.0 = Debug|Win32
		{80D328BF-6BB9-44A3-971E-12D725A72B0B}.Release|Win32.ActiveCfg = Release|Win32
		{80D328BF-6BB9-44A3-971E-12D725A72B0B}.Release|Win32.Build.0 = Release|Win32
	EndGlobalSection
	GlobalSection(SolutionProperties) = preSolution
		HideSolutionNode = FALSE
	EndGlobalSection
EndGlobal
